// !$*UTF8*$!
{
	archiveVersion = 1;
	classes = {
	};
	objectVersion = 56;
	objects = {

/* Begin PBXBuildFile section */
		B32EA1EB29F8B9FD0018DBAF /* AppDelegate.swift in Sources */ = {isa = PBXBuildFile; fileRef = B32EA1EA29F8B9FD0018DBAF /* AppDelegate.swift */; };
		B32EA1ED29F8B9FD0018DBAF /* SceneDelegate.swift in Sources */ = {isa = PBXBuildFile; fileRef = B32EA1EC29F8B9FD0018DBAF /* SceneDelegate.swift */; };
		B32EA1F229F8B9FD0018DBAF /* Main.storyboard in Resources */ = {isa = PBXBuildFile; fileRef = B32EA1F029F8B9FD0018DBAF /* Main.storyboard */; };
		B32EA1F429F8B9FD0018DBAF /* Assets.xcassets in Resources */ = {isa = PBXBuildFile; fileRef = B32EA1F329F8B9FD0018DBAF /* Assets.xcassets */; };
		B32EA1F729F8B9FD0018DBAF /* LaunchScreen.storyboard in Resources */ = {isa = PBXBuildFile; fileRef = B32EA1F529F8B9FD0018DBAF /* LaunchScreen.storyboard */; };
		B32EA1FF2A0764C50018DBAF /* GameViewController.swift in Sources */ = {isa = PBXBuildFile; fileRef = B32EA1FE2A0764C50018DBAF /* GameViewController.swift */; };
		B32EA2012A0927060018DBAF /* Game.swift in Sources */ = {isa = PBXBuildFile; fileRef = B32EA2002A0927060018DBAF /* Game.swift */; };
		B32EA20B2A2B1AA30018DBAF /* SelectTimeViewController.swift in Sources */ = {isa = PBXBuildFile; fileRef = B32EA20A2A2B1AA30018DBAF /* SelectTimeViewController.swift */; };
		B32EA20D2A2B1B4B0018DBAF /* SettingsTableViewController.swift in Sources */ = {isa = PBXBuildFile; fileRef = B32EA20C2A2B1B4B0018DBAF /* SettingsTableViewController.swift */; };
		B32EA20F2A2B71E10018DBAF /* Settings.swift in Sources */ = {isa = PBXBuildFile; fileRef = B32EA20E2A2B71E10018DBAF /* Settings.swift */; };
		B32EA2112A2C74510018DBAF /* RecordViewController.swift in Sources */ = {isa = PBXBuildFile; fileRef = B32EA2102A2C74510018DBAF /* RecordViewController.swift */; };
/* End PBXBuildFile section */

/* Begin PBXFileReference section */
		B32EA1E729F8B9FD0018DBAF /* FindNumberV1.app */ = {isa = PBXFileReference; explicitFileType = wrapper.application; includeInIndex = 0; path = FindNumberV1.app; sourceTree = BUILT_PRODUCTS_DIR; };
		B32EA1EA29F8B9FD0018DBAF /* AppDelegate.swift */ = {isa = PBXFileReference; lastKnownFileType = sourcecode.swift; path = AppDelegate.swift; sourceTree = "<group>"; };
		B32EA1EC29F8B9FD0018DBAF /* SceneDelegate.swift */ = {isa = PBXFileReference; lastKnownFileType = sourcecode.swift; path = SceneDelegate.swift; sourceTree = "<group>"; };
		B32EA1F129F8B9FD0018DBAF /* Base */ = {isa = PBXFileReference; lastKnownFileType = file.storyboard; name = Base; path = Base.lproj/Main.storyboard; sourceTree = "<group>"; };
		B32EA1F329F8B9FD0018DBAF /* Assets.xcassets */ = {isa = PBXFileReference; lastKnownFileType = folder.assetcatalog; path = Assets.xcassets; sourceTree = "<group>"; };
		B32EA1F629F8B9FD0018DBAF /* Base */ = {isa = PBXFileReference; lastKnownFileType = file.storyboard; name = Base; path = Base.lproj/LaunchScreen.storyboard; sourceTree = "<group>"; };
		B32EA1F829F8B9FD0018DBAF /* Info.plist */ = {isa = PBXFileReference; lastKnownFileType = text.plist.xml; path = Info.plist; sourceTree = "<group>"; };
		B32EA1FE2A0764C50018DBAF /* GameViewController.swift */ = {isa = PBXFileReference; lastKnownFileType = sourcecode.swift; path = GameViewController.swift; sourceTree = "<group>"; };
		B32EA2002A0927060018DBAF /* Game.swift */ = {isa = PBXFileReference; lastKnownFileType = sourcecode.swift; path = Game.swift; sourceTree = "<group>"; };
		B32EA20A2A2B1AA30018DBAF /* SelectTimeViewController.swift */ = {isa = PBXFileReference; lastKnownFileType = sourcecode.swift; path = SelectTimeViewController.swift; sourceTree = "<group>"; };
		B32EA20C2A2B1B4B0018DBAF /* SettingsTableViewController.swift */ = {isa = PBXFileReference; lastKnownFileType = sourcecode.swift; path = SettingsTableViewController.swift; sourceTree = "<group>"; };
		B32EA20E2A2B71E10018DBAF /* Settings.swift */ = {isa = PBXFileReference; lastKnownFileType = sourcecode.swift; path = Settings.swift; sourceTree = "<group>"; };
		B32EA2102A2C74510018DBAF /* RecordViewController.swift */ = {isa = PBXFileReference; lastKnownFileType = sourcecode.swift; path = RecordViewController.swift; sourceTree = "<group>"; };
/* End PBXFileReference section */

/* Begin PBXFrameworksBuildPhase section */
		B32EA1E429F8B9FD0018DBAF /* Frameworks */ = {
			isa = PBXFrameworksBuildPhase;
			buildActionMask = 2147483647;
			files = (
			);
			runOnlyForDeploymentPostprocessing = 0;
		};
/* End PBXFrameworksBuildPhase section */

/* Begin PBXGroup section */
		B32EA1DE29F8B9FD0018DBAF = {
			isa = PBXGroup;
			children = (
				B32EA1E929F8B9FD0018DBAF /* FindNumberV1 */,
				B32EA1E829F8B9FD0018DBAF /* Products */,
			);
			sourceTree = "<group>";
		};
		B32EA1E829F8B9FD0018DBAF /* Products */ = {
			isa = PBXGroup;
			children = (
				B32EA1E729F8B9FD0018DBAF /* FindNumberV1.app */,
			);
			name = Products;
			sourceTree = "<group>";
		};
		B32EA1E929F8B9FD0018DBAF /* FindNumberV1 */ = {
			isa = PBXGroup;
			children = (
				B32EA1EA29F8B9FD0018DBAF /* AppDelegate.swift */,
				B32EA1EC29F8B9FD0018DBAF /* SceneDelegate.swift */,
				B32EA1F029F8B9FD0018DBAF /* Main.storyboard */,
				B32EA1F329F8B9FD0018DBAF /* Assets.xcassets */,
				B32EA1F529F8B9FD0018DBAF /* LaunchScreen.storyboard */,
				B32EA1F829F8B9FD0018DBAF /* Info.plist */,
				B32EA1FE2A0764C50018DBAF /* GameViewController.swift */,
				B32EA2002A0927060018DBAF /* Game.swift */,
				B32EA20A2A2B1AA30018DBAF /* SelectTimeViewController.swift */,
				B32EA20C2A2B1B4B0018DBAF /* SettingsTableViewController.swift */,
				B32EA20E2A2B71E10018DBAF /* Settings.swift */,
				B32EA2102A2C74510018DBAF /* RecordViewController.swift */,
			);
			path = FindNumberV1;
			sourceTree = "<group>";
		};
/* End PBXGroup section */

/* Begin PBXNativeTarget section */
		B32EA1E629F8B9FD0018DBAF /* FindNumberV1 */ = {
			isa = PBXNativeTarget;
			buildConfigurationList = B32EA1FB29F8B9FD0018DBAF /* Build configuration list for PBXNativeTarget "FindNumberV1" */;
			buildPhases = (
				B32EA1E329F8B9FD0018DBAF /* Sources */,
				B32EA1E429F8B9FD0018DBAF /* Frameworks */,
				B32EA1E529F8B9FD0018DBAF /* Resources */,
			);
			buildRules = (
			);
			dependencies = (
			);
			name = FindNumberV1;
			productName = FindNumberV1;
			productReference = B32EA1E729F8B9FD0018DBAF /* FindNumberV1.app */;
			productType = "com.apple.product-type.application";
		};
/* End PBXNativeTarget section */

/* Begin PBXProject section */
		B32EA1DF29F8B9FD0018DBAF /* Project object */ = {
			isa = PBXProject;
			attributes = {
				BuildIndependentTargetsInParallel = 1;
				LastSwiftUpdateCheck = 1420;
				LastUpgradeCheck = 1420;
				TargetAttributes = {
					B32EA1E629F8B9FD0018DBAF = {
						CreatedOnToolsVersion = 14.2;
					};
				};
			};
			buildConfigurationList = B32EA1E229F8B9FD0018DBAF /* Build configuration list for PBXProject "FindNumberV1" */;
			compatibilityVersion = "Xcode 14.0";
			developmentRegion = en;
			hasScannedForEncodings = 0;
			knownRegions = (
				en,
				Base,
			);
			mainGroup = B32EA1DE29F8B9FD0018DBAF;
			productRefGroup = B32EA1E829F8B9FD0018DBAF /* Products */;
			projectDirPath = "";
			projectRoot = "";
			targets = (
				B32EA1E629F8B9FD0018DBAF /* FindNumberV1 */,
			);
		};
/* End PBXProject section */

/* Begin PBXResourcesBuildPhase section */
		B32EA1E529F8B9FD0018DBAF /* Resources */ = {
			isa = PBXResourcesBuildPhase;
			buildActionMask = 2147483647;
			files = (
				B32EA1F729F8B9FD0018DBAF /* LaunchScreen.storyboard in Resources */,
				B32EA1F429F8B9FD0018DBAF /* Assets.xcassets in Resources */,
				B32EA1F229F8B9FD0018DBAF /* Main.storyboard in Resources */,
			);
			runOnlyForDeploymentPostprocessing = 0;
		};
/* End PBXResourcesBuildPhase section */

/* Begin PBXSourcesBuildPhase section */
		B32EA1E329F8B9FD0018DBAF /* Sources */ = {
			isa = PBXSourcesBuildPhase;
			buildActionMask = 2147483647;
			files = (
				B32EA1EB29F8B9FD0018DBAF /* AppDelegate.swift in Sources */,
				B32EA1FF2A0764C50018DBAF /* GameViewController.swift in Sources */,
				B32EA1ED29F8B9FD0018DBAF /* SceneDelegate.swift in Sources */,
				B32EA2012A0927060018DBAF /* Game.swift in Sources */,
				B32EA20F2A2B71E10018DBAF /* Settings.swift in Sources */,
				B32EA2112A2C74510018DBAF /* RecordViewController.swift in Sources */,
				B32EA20B2A2B1AA30018DBAF /* SelectTimeViewController.swift in Sources */,
				B32EA20D2A2B1B4B0018DBAF /* SettingsTableViewController.swift in Sources */,
			);
			runOnlyForDeploymentPostprocessing = 0;
		};
/* End PBXSourcesBuildPhase section */

/* Begin PBXVariantGroup section */
		B32EA1F029F8B9FD0018DBAF /* Main.storyboard */ = {
			isa = PBXVariantGroup;
			children = (
				B32EA1F129F8B9FD0018DBAF /* Base */,
			);
			name = Main.storyboard;
			sourceTree = "<group>";
		};
		B32EA1F529F8B9FD0018DBAF /* LaunchScreen.storyboard */ = {
			isa = PBXVariantGroup;
			children = (
				B32EA1F629F8B9FD0018DBAF /* Base */,
			);
			name = LaunchScreen.storyboard;
			sourceTree = "<group>";
		};
/* End PBXVariantGroup section */

/* Begin XCBuildConfiguration section */
		B32EA1F929F8B9FD0018DBAF /* Debug */ = {
			isa = XCBuildConfiguration;
			buildSettings = {
				ALWAYS_SEARCH_USER_PATHS = NO;
				CLANG_ANALYZER_NONNULL = YES;
				CLANG_ANALYZER_NUMBER_OBJECT_CONVERSION = YES_AGGRESSIVE;
				CLANG_CXX_LANGUAGE_STANDARD = "gnu++20";
				CLANG_ENABLE_MODULES = YES;
				CLANG_ENABLE_OBJC_ARC = YES;
				CLANG_ENABLE_OBJC_WEAK = YES;
				CLANG_WARN_BLOCK_CAPTURE_AUTORELEASING = YES;
				CLANG_WARN_BOOL_CONVERSION = YES;
				CLANG_WARN_COMMA = YES;
				CLANG_WARN_CONSTANT_CONVERSION = YES;
				CLANG_WARN_DEPRECATED_OBJC_IMPLEMENTATIONS = YES;
				CLANG_WARN_DIRECT_OBJC_ISA_USAGE = YES_ERROR;
				CLANG_WARN_DOCUMENTATION_COMMENTS = YES;
				CLANG_WARN_EMPTY_BODY = YES;
				CLANG_WARN_ENUM_CONVERSION = YES;
				CLANG_WARN_INFINITE_RECURSION = YES;
				CLANG_WARN_INT_CONVERSION = YES;
				CLANG_WARN_NON_LITERAL_NULL_CONVERSION = YES;
				CLANG_WARN_OBJC_IMPLICIT_RETAIN_SELF = YES;
				CLANG_WARN_OBJC_LITERAL_CONVERSION = YES;
				CLANG_WARN_OBJC_ROOT_CLASS = YES_ERROR;
				CLANG_WARN_QUOTED_INCLUDE_IN_FRAMEWORK_HEADER = YES;
				CLANG_WARN_RANGE_LOOP_ANALYSIS = YES;
				CLANG_WARN_STRICT_PROTOTYPES = YES;
				CLANG_WARN_SUSPICIOUS_MOVE = YES;
				CLANG_WARN_UNGUARDED_AVAILABILITY = YES_AGGRESSIVE;
				CLANG_WARN_UNREACHABLE_CODE = YES;
				CLANG_WARN__DUPLICATE_METHOD_MATCH = YES;
				COPY_PHASE_STRIP = NO;
				DEBUG_INFORMATION_FORMAT = dwarf;
				ENABLE_STRICT_OBJC_MSGSEND = YES;
				ENABLE_TESTABILITY = YES;
				GCC_C_LANGUAGE_STANDARD = gnu11;
				GCC_DYNAMIC_NO_PIC = NO;
				GCC_NO_COMMON_BLOCKS = YES;
				GCC_OPTIMIZATION_LEVEL = 0;
				GCC_PREPROCESSOR_DEFINITIONS = (
					"DEBUG=1",
					"$(inherited)",
				);
				GCC_WARN_64_TO_32_BIT_CONVERSION = YES;
				GCC_WARN_ABOUT_RETURN_TYPE = YES_ERROR;
				GCC_WARN_UNDECLARED_SELECTOR = YES;
				GCC_WARN_UNINITIALIZED_AUTOS = YES_AGGRESSIVE;
				GCC_WARN_UNUSED_FUNCTION = YES;
				GCC_WARN_UNUSED_VARIABLE = YES;
				IPHONEOS_DEPLOYMENT_TARGET = 16.2;
				MTL_ENABLE_DEBUG_INFO = INCLUDE_SOURCE;
				MTL_FAST_MATH = YES;
				ONLY_ACTIVE_ARCH = YES;
				SDKROOT = iphoneos;
				SWIFT_ACTIVE_COMPILATION_CONDITIONS = DEBUG;
				SWIFT_OPTIMIZATION_LEVEL = "-Onone";
			};
			name = Debug;
		};
		B32EA1FA29F8B9FD0018DBAF /* Release */ = {
			isa = XCBuildConfiguration;
			buildSettings = {
				ALWAYS_SEARCH_USER_PATHS = NO;
				CLANG_ANALYZER_NONNULL = YES;
				CLANG_ANALYZER_NUMBER_OBJECT_CONVERSION = YES_AGGRESSIVE;
				CLANG_CXX_LANGUAGE_STANDARD = "gnu++20";
				CLANG_ENABLE_MODULES = YES;
				CLANG_ENABLE_OBJC_ARC = YES;
				CLANG_ENABLE_OBJC_WEAK = YES;
				CLANG_WARN_BLOCK_CAPTURE_AUTORELEASING = YES;
				CLANG_WARN_BOOL_CONVERSION = YES;
				CLANG_WARN_COMMA = YES;
				CLANG_WARN_CONSTANT_CONVERSION = YES;
				CLANG_WARN_DEPRECATED_OBJC_IMPLEMENTATIONS = YES;
				CLANG_WARN_DIRECT_OBJC_ISA_USAGE = YES_ERROR;
				CLANG_WARN_DOCUMENTATION_COMMENTS = YES;
				CLANG_WARN_EMPTY_BODY = YES;
				CLANG_WARN_ENUM_CONVERSION = YES;
				CLANG_WARN_INFINITE_RECURSION = YES;
				CLANG_WARN_INT_CONVERSION = YES;
				CLANG_WARN_NON_LITERAL_NULL_CONVERSION = YES;
				CLANG_WARN_OBJC_IMPLICIT_RETAIN_SELF = YES;
				CLANG_WARN_OBJC_LITERAL_CONVERSION = YES;
				CLANG_WARN_OBJC_ROOT_CLASS = YES_ERROR;
				CLANG_WARN_QUOTED_INCLUDE_IN_FRAMEWORK_HEADER = YES;
				CLANG_WARN_RANGE_LOOP_ANALYSIS = YES;
				CLANG_WARN_STRICT_PROTOTYPES = YES;
				CLANG_WARN_SUSPICIOUS_MOVE = YES;
				CLANG_WARN_UNGUARDED_AVAILABILITY = YES_AGGRESSIVE;
				CLANG_WARN_UNREACHABLE_CODE = YES;
				CLANG_WARN__DUPLICATE_METHOD_MATCH = YES;
				COPY_PHASE_STRIP = NO;
				DEBUG_INFORMATION_FORMAT = "dwarf-with-dsym";
				ENABLE_NS_ASSERTIONS = NO;
				ENABLE_STRICT_OBJC_MSGSEND = YES;
				GCC_C_LANGUAGE_STANDARD = gnu11;
				GCC_NO_COMMON_BLOCKS = YES;
				GCC_WARN_64_TO_32_BIT_CONVERSION = YES;
				GCC_WARN_ABOUT_RETURN_TYPE = YES_ERROR;
				GCC_WARN_UNDECLARED_SELECTOR = YES;
				GCC_WARN_UNINITIALIZED_AUTOS = YES_AGGRESSIVE;
				GCC_WARN_UNUSED_FUNCTION = YES;
				GCC_WARN_UNUSED_VARIABLE = YES;
				IPHONEOS_DEPLOYMENT_TARGET = 16.2;
				MTL_ENABLE_DEBUG_INFO = NO;
				MTL_FAST_MATH = YES;
				SDKROOT = iphoneos;
				SWIFT_COMPILATION_MODE = wholemodule;
				SWIFT_OPTIMIZATION_LEVEL = "-O";
				VALIDATE_PRODUCT = YES;
			};
			name = Release;
		};
		B32EA1FC29F8B9FD0018DBAF /* Debug */ = {
			isa = XCBuildConfiguration;
			buildSettings = {
				ASSETCATALOG_COMPILER_APPICON_NAME = AppIcon;
				ASSETCATALOG_COMPILER_GLOBAL_ACCENT_COLOR_NAME = AccentColor;
				CODE_SIGN_STYLE = Automatic;
				CURRENT_PROJECT_VERSION = 1;
				GENERATE_INFOPLIST_FILE = YES;
				INFOPLIST_FILE = FindNumberV1/Info.plist;
				INFOPLIST_KEY_CFBundleDisplayName = FindNumberV_1;
				INFOPLIST_KEY_UIApplicationSupportsIndirectInputEvents = YES;
				INFOPLIST_KEY_UILaunchStoryboardName = LaunchScreen;
				INFOPLIST_KEY_UIMainStoryboardFile = Main;
				INFOPLIST_KEY_UISupportedInterfaceOrientations = UIInterfaceOrientationPortrait;
				INFOPLIST_KEY_UISupportedInterfaceOrientations_iPad = "UIInterfaceOrientationLandscapeLeft UIInterfaceOrientationLandscapeRight UIInterfaceOrientationPortrait UIInterfaceOrientationPortraitUpsideDown";
				IPHONEOS_DEPLOYMENT_TARGET = 15.0;
				LD_RUNPATH_SEARCH_PATHS = (
					"$(inherited)",
					"@executable_path/Frameworks",
				);
				MARKETING_VERSION = 1.0;
				PRODUCT_BUNDLE_IDENTIFIER = myComputer.FindNumberV1;
				PRODUCT_NAME = "$(TARGET_NAME)";
				SUPPORTED_PLATFORMS = "iphoneos iphonesimulator";
				SUPPORTS_MACCATALYST = NO;
				SUPPORTS_MAC_DESIGNED_FOR_IPHONE_IPAD = NO;
				SWIFT_EMIT_LOC_STRINGS = YES;
				SWIFT_VERSION = 5.0;
				TARGETED_DEVICE_FAMILY = 1;
			};
			name = Debug;
		};
		B32EA1FD29F8B9FD0018DBAF /* Release */ = {
			isa = XCBuildConfiguration;
			buildSettings = {
				ASSETCATALOG_COMPILER_APPICON_NAME = AppIcon;
				ASSETCATALOG_COMPILER_GLOBAL_ACCENT_COLOR_NAME = AccentColor;
				CODE_SIGN_STYLE = Automatic;
				CURRENT_PROJECT_VERSION = 1;
				GENERATE_INFOPLIST_FILE = YES;
				INFOPLIST_FILE = FindNumberV1/Info.plist;
				INFOPLIST_KEY_CFBundleDisplayName = FindNumberV_1;
				INFOPLIST_KEY_UIApplicationSupportsIndirectInputEvents = YES;
				INFOPLIST_KEY_UILaunchStoryboardName = LaunchScreen;
				INFOPLIST_KEY_UIMainStoryboardFile = Main;
				INFOPLIST_KEY_UISupportedInterfaceOrientations = UIInterfaceOrientationPortrait;
				INFOPLIST_KEY_UISupportedInterfaceOrientations_iPad = "UIInterfaceOrientationLandscapeLeft UIInterfaceOrientationLandscapeRight UIInterfaceOrientationPortrait UIInterfaceOrientationPortraitUpsideDown";
				IPHONEOS_DEPLOYMENT_TARGET = 15.0;
				LD_RUNPATH_SEARCH_PATHS = (
					"$(inherited)",
					"@executable_path/Frameworks",
				);
				MARKETING_VERSION = 1.0;
				PRODUCT_BUNDLE_IDENTIFIER = myComputer.FindNumberV1;
				PRODUCT_NAME = "$(TARGET_NAME)";
				SUPPORTED_PLATFORMS = "iphoneos iphonesimulator";
				SUPPORTS_MACCATALYST = NO;
				SUPPORTS_MAC_DESIGNED_FOR_IPHONE_IPAD = NO;
				SWIFT_EMIT_LOC_STRINGS = YES;
				SWIFT_VERSION = 5.0;
				TARGETED_DEVICE_FAMILY = 1;
			};
			name = Release;
		};
/* End XCBuildConfiguration section */

/* Begin XCConfigurationList section */
		B32EA1E229F8B9FD0018DBAF /* Build configuration list for PBXProject "FindNumberV1" */ = {
			isa = XCConfigurationList;
			buildConfigurations = (
				B32EA1F929F8B9FD0018DBAF /* Debug */,
				B32EA1FA29F8B9FD0018DBAF /* Release */,
			);
			defaultConfigurationIsVisible = 0;
			defaultConfigurationName = Release;
		};
		B32EA1FB29F8B9FD0018DBAF /* Build configuration list for PBXNativeTarget "FindNumberV1" */ = {
			isa = XCConfigurationList;
			buildConfigurations = (
				B32EA1FC29F8B9FD0018DBAF /* Debug */,
				B32EA1FD29F8B9FD0018DBAF /* Release */,
			);
			defaultConfigurationIsVisible = 0;
			defaultConfigurationName = Release;
		};
/* End XCConfigurationList section */
	};
	rootObject = B32EA1DF29F8B9FD0018DBAF /* Project object */;
}
